
Microsoft Visual Studio Solution File, Format Version 12.00
# Visual Studio Version 16
VisualStudioVersion = 16.0.30711.63
MinimumVisualStudioVersion = 10.0.40219.1
Project("{FAE04EC0-301F-11D3-BF4B-00C04F79EFBC}") = "SeeSharp9", "SeeSharp9.csproj", "{E75E2C51-EF11-40D2-95BA-46FC042BE6AA}"
EndProject
Global
	GlobalSection(SolutionConfigurationPlatforms) = preSolution
		Debug|Any CPU = Debug|Any CPU
		Release|Any CPU = Release|Any CPU
	EndGlobalSection
	GlobalSection(ProjectConfigurationPlatforms) = postSolution
		{E75E2C51-EF11-40D2-95BA-46FC042BE6AA}.Debug|Any CPU.ActiveCfg = Debug|Any CPU
		{E75E2C51-EF11-40D2-95BA-46FC042BE6AA}.Debug|Any CPU.Build.0 = Debug|Any CPU
		{E75E2C51-EF11-40D2-95BA-46FC042BE6AA}.Release|Any CPU.ActiveCfg = Release|Any CPU
		{E75E2C51-EF11-40D2-95BA-46FC042BE6AA}.Release|Any CPU.Build.0 = Release|Any CPU
	EndGlobalSection
	GlobalSection(SolutionProperties) = preSolution
		HideSolutionNode = FALSE
	EndGlobalSection
	GlobalSection(ExtensibilityGlobals) = postSolution
		SolutionGuid = {A5ADB93F-2B45-4303-9C39-0794E5949A84}
	EndGlobalSection
EndGlobal
